
Microsoft Visual Studio Solution File, Format Version 12.00
# Visual Studio Version 17
VisualStudioVersion = 17.5.33414.496
MinimumVisualStudioVersion = 10.0.40219.1
Project("{FAE04EC0-301F-11D3-BF4B-00C04F79EFBC}") = "testAPI", "testAPI\testAPI.csproj", "{05D1F28C-3BB3-49C9-820E-4A6FCA2643C9}"
EndProject
Global
	GlobalSection(SolutionConfigurationPlatforms) = preSolution
		Debug|Any CPU = Debug|Any CPU
		Release|Any CPU = Release|Any CPU
	EndGlobalSection
	GlobalSection(ProjectConfigurationPlatforms) = postSolution
		{05D1F28C-3BB3-49C9-820E-4A6FCA2643C9}.Debug|Any CPU.ActiveCfg = Debug|Any CPU
		{05D1F28C-3BB3-49C9-820E-4A6FCA2643C9}.Debug|Any CPU.Build.0 = Debug|Any CPU
		{05D1F28C-3BB3-49C9-820E-4A6FCA2643C9}.Release|Any CPU.ActiveCfg = Release|Any CPU
		{05D1F28C-3BB3-49C9-820E-4A6FCA2643C9}.Release|Any CPU.Build.0 = Release|Any CPU
	EndGlobalSection
	GlobalSection(SolutionProperties) = preSolution
		HideSolutionNode = FALSE
	EndGlobalSection
	GlobalSection(ExtensibilityGlobals) = postSolution
		SolutionGuid = {088180EF-6178-40A1-B3A3-B8A91B8B4CF5}
	EndGlobalSection
EndGlobal
